
Microsoft Visual Studio Solution File, Format Version 12.00
# Visual Studio Version 17
VisualStudioVersion = 17.11.35219.272
MinimumVisualStudioVersion = 10.0.40219.1
Project("{FAE04EC0-301F-11D3-BF4B-00C04F79EFBC}") = "DATN", "DATN\DATN.csproj", "{C1BE779B-1E6B-4470-B074-706677ED15E6}"
EndProject
Global
	GlobalSection(SolutionConfigurationPlatforms) = preSolution
		Debug|Any CPU = Debug|Any CPU
		Release|Any CPU = Release|Any CPU
	EndGlobalSection
	GlobalSection(ProjectConfigurationPlatforms) = postSolution
		{C1BE779B-1E6B-4470-B074-706677ED15E6}.Debug|Any CPU.ActiveCfg = Debug|Any CPU
		{C1BE779B-1E6B-4470-B074-706677ED15E6}.Debug|Any CPU.Build.0 = Debug|Any CPU
		{C1BE779B-1E6B-4470-B074-706677ED15E6}.Release|Any CPU.ActiveCfg = Release|Any CPU
		{C1BE779B-1E6B-4470-B074-706677ED15E6}.Release|Any CPU.Build.0 = Release|Any CPU
	EndGlobalSection
	GlobalSection(SolutionProperties) = preSolution
		HideSolutionNode = FALSE
	EndGlobalSection
	GlobalSection(ExtensibilityGlobals) = postSolution
		SolutionGuid = {D61FE0B3-091B-434B-88EF-9B691DA0C522}
	EndGlobalSection
EndGlobal
